
Microsoft Visual Studio Solution File, Format Version 12.00
# Visual Studio Version 16
VisualStudioVersion = 16.0.32126.315
MinimumVisualStudioVersion = 10.0.40219.1
Project("{F184B08F-C81C-45F6-A57F-5ABD9991F28F}") = "VeterinariaElPezDorado", "VeterinariaElPezDorado\VeterinariaElPezDorado.vbproj", "{CD8E53D2-B177-494B-AE08-1CEEF98E43D7}"
EndProject
Project("{F184B08F-C81C-45F6-A57F-5ABD9991F28F}") = "Negocios", "Negocios\Negocios.vbproj", "{0CEECCB5-8039-40DA-A52D-9E453D8AC7BE}"
EndProject
Project("{F184B08F-C81C-45F6-A57F-5ABD9991F28F}") = "Datos", "Datos\Datos.vbproj", "{14B34E3C-5686-4C67-AA92-DA12080E9CD9}"
EndProject
Project("{F184B08F-C81C-45F6-A57F-5ABD9991F28F}") = "Entidades", "Entidades\Entidades.vbproj", "{CE5ADBDD-10B5-497D-8880-B9BAC4BDC246}"
EndProject
Global
	GlobalSection(SolutionConfigurationPlatforms) = preSolution
		Debug|Any CPU = Debug|Any CPU
		Release|Any CPU = Release|Any CPU
	EndGlobalSection
	GlobalSection(ProjectConfigurationPlatforms) = postSolution
		{CD8E53D2-B177-494B-AE08-1CEEF98E43D7}.Debug|Any CPU.ActiveCfg = Debug|Any CPU
		{CD8E53D2-B177-494B-AE08-1CEEF98E43D7}.Debug|Any CPU.Build.0 = Debug|Any CPU
		{CD8E53D2-B177-494B-AE08-1CEEF98E43D7}.Release|Any CPU.ActiveCfg = Release|Any CPU
		{CD8E53D2-B177-494B-AE08-1CEEF98E43D7}.Release|Any CPU.Build.0 = Release|Any CPU
		{0CEECCB5-8039-40DA-A52D-9E453D8AC7BE}.Debug|Any CPU.ActiveCfg = Debug|Any CPU
		{0CEECCB5-8039-40DA-A52D-9E453D8AC7BE}.Debug|Any CPU.Build.0 = Debug|Any CPU
		{0CEECCB5-8039-40DA-A52D-9E453D8AC7BE}.Release|Any CPU.ActiveCfg = Release|Any CPU
		{0CEECCB5-8039-40DA-A52D-9E453D8AC7BE}.Release|Any CPU.Build.0 = Release|Any CPU
		{14B34E3C-5686-4C67-AA92-DA12080E9CD9}.Debug|Any CPU.ActiveCfg = Debug|Any CPU
		{14B34E3C-5686-4C67-AA92-DA12080E9CD9}.Debug|Any CPU.Build.0 = Debug|Any CPU
		{14B34E3C-5686-4C67-AA92-DA12080E9CD9}.Release|Any CPU.ActiveCfg = Release|Any CPU
		{14B34E3C-5686-4C67-AA92-DA12080E9CD9}.Release|Any CPU.Build.0 = Release|Any CPU
		{CE5ADBDD-10B5-497D-8880-B9BAC4BDC246}.Debug|Any CPU.ActiveCfg = Debug|Any CPU
		{CE5ADBDD-10B5-497D-8880-B9BAC4BDC246}.Debug|Any CPU.Build.0 = Debug|Any CPU
		{CE5ADBDD-10B5-497D-8880-B9BAC4BDC246}.Release|Any CPU.ActiveCfg = Release|Any CPU
		{CE5ADBDD-10B5-497D-8880-B9BAC4BDC246}.Release|Any CPU.Build.0 = Release|Any CPU
	EndGlobalSection
	GlobalSection(SolutionProperties) = preSolution
		HideSolutionNode = FALSE
	EndGlobalSection
	GlobalSection(ExtensibilityGlobals) = postSolution
		SolutionGuid = {163DD2A1-BE5B-4BD4-A77B-E011107CAE9C}
	EndGlobalSection
EndGlobal
